
Microsoft Visual Studio Solution File, Format Version 12.00
Project("{FAE04EC0-301F-11D3-BF4B-00C04F79EFBC}") = "Xunit.Fixture.Docker", "Xunit.Fixture.Docker\Xunit.Fixture.Docker.csproj", "{FBEFD2CC-418C-4171-821D-E596EDB3CB5B}"
EndProject
Global
	GlobalSection(SolutionConfigurationPlatforms) = preSolution
		Debug|Any CPU = Debug|Any CPU
		Release|Any CPU = Release|Any CPU
	EndGlobalSection
	GlobalSection(ProjectConfigurationPlatforms) = postSolution
		{FBEFD2CC-418C-4171-821D-E596EDB3CB5B}.Debug|Any CPU.ActiveCfg = Debug|Any CPU
		{FBEFD2CC-418C-4171-821D-E596EDB3CB5B}.Debug|Any CPU.Build.0 = Debug|Any CPU
		{FBEFD2CC-418C-4171-821D-E596EDB3CB5B}.Release|Any CPU.ActiveCfg = Release|Any CPU
		{FBEFD2CC-418C-4171-821D-E596EDB3CB5B}.Release|Any CPU.Build.0 = Release|Any CPU
	EndGlobalSection
EndGlobal
