
Microsoft Visual Studio Solution File, Format Version 12.00
Project("{2150E333-8FDC-42A3-9474-1A3956D46DE8}") = "src", "src", "{939740D9-31C1-4FA0-B330-A57F10D8E240}"
ProjectSection(SolutionItems) = preProject
	src\Directory.Build.props = src\Directory.Build.props
EndProjectSection
EndProject
Project("{FAE04EC0-301F-11D3-BF4B-00C04F79EFBC}") = "DbContextValidation.EF6", "src\EF6\DbContextValidation.EF6.csproj", "{8954BA99-9C9D-452F-8755-78E3D5094CF0}"
EndProject
Project("{FAE04EC0-301F-11D3-BF4B-00C04F79EFBC}") = "DbContextValidation.EFCore", "src\EFCore\DbContextValidation.EFCore.csproj", "{E274FD30-71B0-4629-AAA5-E1DDADE10447}"
EndProject
Project("{2150E333-8FDC-42A3-9474-1A3956D46DE8}") = "tests", "tests", "{0C482C13-FAE3-4C29-8C58-C651D780B8DD}"
ProjectSection(SolutionItems) = preProject
	tests\Directory.Build.props = tests\Directory.Build.props
EndProjectSection
EndProject
Project("{2150E333-8FDC-42A3-9474-1A3956D46DE8}") = "EF6", "EF6", "{7BB96B87-A62C-4DA4-9E9E-876E71BB12E4}"
ProjectSection(SolutionItems) = preProject
	tests\EF6\Directory.Build.props = tests\EF6\Directory.Build.props
EndProjectSection
EndProject
Project("{2150E333-8FDC-42A3-9474-1A3956D46DE8}") = "EFCore2", "EFCore2", "{DA914B42-D651-4A95-943F-7C82049840C1}"
ProjectSection(SolutionItems) = preProject
	tests\EFCore2\Directory.Build.props = tests\EFCore2\Directory.Build.props
EndProjectSection
EndProject
Project("{2150E333-8FDC-42A3-9474-1A3956D46DE8}") = "EFCore3", "EFCore3", "{1B79125A-F8FB-4C8E-BFA7-DF9AF8851AB7}"
ProjectSection(SolutionItems) = preProject
	tests\EFCore3\Directory.Build.props = tests\EFCore3\Directory.Build.props
EndProjectSection
EndProject
Project("{FAE04EC0-301F-11D3-BF4B-00C04F79EFBC}") = "Xunit.Fixture.Docker", "Xunit.Fixture.Docker\Xunit.Fixture.Docker\Xunit.Fixture.Docker.csproj", "{E0817395-4B84-4F2B-90A9-38924A66CFE0}"
EndProject
Project("{FAE04EC0-301F-11D3-BF4B-00C04F79EFBC}") = "DbContextValidation.Tests.EF6.Firebird", "tests\EF6\Firebird\DbContextValidation.Tests.EF6.Firebird.csproj", "{BF6F7271-BBE3-4811-980A-63B53FB5B5A7}"
EndProject
Project("{FAE04EC0-301F-11D3-BF4B-00C04F79EFBC}") = "DbContextValidation.Tests.EF6.MySQL", "tests\EF6\MySQL\DbContextValidation.Tests.EF6.MySQL.csproj", "{F63AF297-80BB-4163-BAEE-4F369A10FB0F}"
EndProject
Project("{FAE04EC0-301F-11D3-BF4B-00C04F79EFBC}") = "DbContextValidation.Tests.EF6.Npgsql", "tests\EF6\Npgsql\DbContextValidation.Tests.EF6.Npgsql.csproj", "{F77DCC85-E4AD-4D8B-9787-45F89D5E092A}"
EndProject
Project("{FAE04EC0-301F-11D3-BF4B-00C04F79EFBC}") = "DbContextValidation.Tests.EF6.Oracle", "tests\EF6\Oracle\DbContextValidation.Tests.EF6.Oracle.csproj", "{ACB1852C-26BD-40A4-B6F2-C9508818927A}"
EndProject
Project("{FAE04EC0-301F-11D3-BF4B-00C04F79EFBC}") = "DbContextValidation.Tests.EF6.SQLite", "tests\EF6\SQLite\DbContextValidation.Tests.EF6.SQLite.csproj", "{28D87D2E-7983-4546-985C-07F5614F44FE}"
EndProject
Project("{FAE04EC0-301F-11D3-BF4B-00C04F79EFBC}") = "DbContextValidation.Tests.EF6.SqlServer", "tests\EF6\SqlServer\DbContextValidation.Tests.EF6.SqlServer.csproj", "{17787F12-B8B2-4EAA-9FEB-2A6F2C0EA181}"
EndProject
Project("{FAE04EC0-301F-11D3-BF4B-00C04F79EFBC}") = "DbContextValidation.Tests.EFCore2.Firebird", "tests\EFCore2\Firebird\DbContextValidation.Tests.EFCore2.Firebird.csproj", "{8636F822-C894-4645-BF6E-EE81C5F46593}"
EndProject
Project("{FAE04EC0-301F-11D3-BF4B-00C04F79EFBC}") = "DbContextValidation.Tests.EFCore2.MySQL", "tests\EFCore2\MySQL\DbContextValidation.Tests.EFCore2.MySQL.csproj", "{C325C372-03F5-4022-936F-327A4DFAB588}"
EndProject
Project("{FAE04EC0-301F-11D3-BF4B-00C04F79EFBC}") = "DbContextValidation.Tests.EFCore2.MySQL.Pomelo", "tests\EFCore2\MySQL.Pomelo\DbContextValidation.Tests.EFCore2.MySQL.Pomelo.csproj", "{EADAC9D8-E982-4983-943D-50B757C9D020}"
EndProject
Project("{FAE04EC0-301F-11D3-BF4B-00C04F79EFBC}") = "DbContextValidation.Tests.EFCore2.Npgsql", "tests\EFCore2\Npgsql\DbContextValidation.Tests.EFCore2.Npgsql.csproj", "{4B698187-762F-4DDB-BB27-3D0F18BE16FB}"
EndProject
Project("{FAE04EC0-301F-11D3-BF4B-00C04F79EFBC}") = "DbContextValidation.Tests.EFCore2.Oracle", "tests\EFCore2\Oracle\DbContextValidation.Tests.EFCore2.Oracle.csproj", "{50A01B95-730E-4AB2-A47E-7693363B1191}"
EndProject
Project("{FAE04EC0-301F-11D3-BF4B-00C04F79EFBC}") = "DbContextValidation.Tests.EFCore2.SQLite", "tests\EFCore2\SQLite\DbContextValidation.Tests.EFCore2.SQLite.csproj", "{9B5AE73F-CE3C-47F8-B913-29BFC1C1133F}"
EndProject
Project("{FAE04EC0-301F-11D3-BF4B-00C04F79EFBC}") = "DbContextValidation.Tests.EFCore2.SqlServer", "tests\EFCore2\SqlServer\DbContextValidation.Tests.EFCore2.SqlServer.csproj", "{C42CFD3D-C8A3-431D-B4D2-2FA074C5FAF2}"
EndProject
Project("{FAE04EC0-301F-11D3-BF4B-00C04F79EFBC}") = "DbContextValidation.Tests.EFCore3.MySQL.Pomelo", "tests\EFCore3\MySQL.Pomelo\DbContextValidation.Tests.EFCore3.MySQL.Pomelo.csproj", "{4C601BB1-E171-4908-BCE5-85E6ED68FE6A}"
EndProject
Project("{FAE04EC0-301F-11D3-BF4B-00C04F79EFBC}") = "DbContextValidation.Tests.EFCore3.Npgsql", "tests\EFCore3\Npgsql\DbContextValidation.Tests.EFCore3.Npgsql.csproj", "{9703F5CA-B3E0-4066-9807-F0DEDADB316C}"
EndProject
Project("{FAE04EC0-301F-11D3-BF4B-00C04F79EFBC}") = "DbContextValidation.Tests.EFCore3.SQLite", "tests\EFCore3\SQLite\DbContextValidation.Tests.EFCore3.SQLite.csproj", "{D5988183-4864-4177-8729-258FC9DBD263}"
EndProject
Project("{FAE04EC0-301F-11D3-BF4B-00C04F79EFBC}") = "DbContextValidation.Tests.EFCore3.SqlServer", "tests\EFCore3\SqlServer\DbContextValidation.Tests.EFCore3.SqlServer.csproj", "{5EEF7E72-5DDC-42AD-BB39-85503B4F28D8}"
EndProject
Project("{FAE04EC0-301F-11D3-BF4B-00C04F79EFBC}") = "DbContextValidation.Tests.EFCore3.Oracle", "tests\EFCore3\Oracle\DbContextValidation.Tests.EFCore3.Oracle.csproj", "{55EA9202-69C4-4210-9B19-EAF006E9A28C}"
EndProject
Project("{FAE04EC0-301F-11D3-BF4B-00C04F79EFBC}") = "DbContextValidation.Tests.EFCore3.Firebird", "tests\EFCore3\Firebird\DbContextValidation.Tests.EFCore3.Firebird.csproj", "{DEE6C82A-F309-4EE1-B29C-4F9F772ADB0A}"
EndProject
Project("{FAE04EC0-301F-11D3-BF4B-00C04F79EFBC}") = "DbContextValidation.Tests.EFCore3.MySQL", "tests\EFCore3\MySQL\DbContextValidation.Tests.EFCore3.MySQL.csproj", "{F8F85FD0-8445-425F-B75C-87720E6A75DA}"
EndProject
Global
	GlobalSection(SolutionConfigurationPlatforms) = preSolution
		Debug|Any CPU = Debug|Any CPU
		Release|Any CPU = Release|Any CPU
	EndGlobalSection
	GlobalSection(ProjectConfigurationPlatforms) = postSolution
		{8954BA99-9C9D-452F-8755-78E3D5094CF0}.Debug|Any CPU.ActiveCfg = Debug|Any CPU
		{8954BA99-9C9D-452F-8755-78E3D5094CF0}.Debug|Any CPU.Build.0 = Debug|Any CPU
		{8954BA99-9C9D-452F-8755-78E3D5094CF0}.Release|Any CPU.ActiveCfg = Release|Any CPU
		{8954BA99-9C9D-452F-8755-78E3D5094CF0}.Release|Any CPU.Build.0 = Release|Any CPU
		{E274FD30-71B0-4629-AAA5-E1DDADE10447}.Debug|Any CPU.ActiveCfg = Debug|Any CPU
		{E274FD30-71B0-4629-AAA5-E1DDADE10447}.Debug|Any CPU.Build.0 = Debug|Any CPU
		{E274FD30-71B0-4629-AAA5-E1DDADE10447}.Release|Any CPU.ActiveCfg = Release|Any CPU
		{E274FD30-71B0-4629-AAA5-E1DDADE10447}.Release|Any CPU.Build.0 = Release|Any CPU
		{E0817395-4B84-4F2B-90A9-38924A66CFE0}.Debug|Any CPU.ActiveCfg = Debug|Any CPU
		{E0817395-4B84-4F2B-90A9-38924A66CFE0}.Debug|Any CPU.Build.0 = Debug|Any CPU
		{E0817395-4B84-4F2B-90A9-38924A66CFE0}.Release|Any CPU.ActiveCfg = Release|Any CPU
		{E0817395-4B84-4F2B-90A9-38924A66CFE0}.Release|Any CPU.Build.0 = Release|Any CPU
		{BF6F7271-BBE3-4811-980A-63B53FB5B5A7}.Debug|Any CPU.ActiveCfg = Debug|Any CPU
		{BF6F7271-BBE3-4811-980A-63B53FB5B5A7}.Debug|Any CPU.Build.0 = Debug|Any CPU
		{BF6F7271-BBE3-4811-980A-63B53FB5B5A7}.Release|Any CPU.ActiveCfg = Release|Any CPU
		{BF6F7271-BBE3-4811-980A-63B53FB5B5A7}.Release|Any CPU.Build.0 = Release|Any CPU
		{F63AF297-80BB-4163-BAEE-4F369A10FB0F}.Debug|Any CPU.ActiveCfg = Debug|Any CPU
		{F63AF297-80BB-4163-BAEE-4F369A10FB0F}.Debug|Any CPU.Build.0 = Debug|Any CPU
		{F63AF297-80BB-4163-BAEE-4F369A10FB0F}.Release|Any CPU.ActiveCfg = Release|Any CPU
		{F77DCC85-E4AD-4D8B-9787-45F89D5E092A}.Debug|Any CPU.ActiveCfg = Debug|Any CPU
		{F77DCC85-E4AD-4D8B-9787-45F89D5E092A}.Debug|Any CPU.Build.0 = Debug|Any CPU
		{F77DCC85-E4AD-4D8B-9787-45F89D5E092A}.Release|Any CPU.ActiveCfg = Release|Any CPU
		{F77DCC85-E4AD-4D8B-9787-45F89D5E092A}.Release|Any CPU.Build.0 = Release|Any CPU
		{ACB1852C-26BD-40A4-B6F2-C9508818927A}.Release|Any CPU.ActiveCfg = Release|Any CPU
		{ACB1852C-26BD-40A4-B6F2-C9508818927A}.Debug|Any CPU.ActiveCfg = Debug|Any CPU
		{ACB1852C-26BD-40A4-B6F2-C9508818927A}.Debug|Any CPU.Build.0 = Debug|Any CPU
		{28D87D2E-7983-4546-985C-07F5614F44FE}.Debug|Any CPU.ActiveCfg = Debug|Any CPU
		{28D87D2E-7983-4546-985C-07F5614F44FE}.Debug|Any CPU.Build.0 = Debug|Any CPU
		{28D87D2E-7983-4546-985C-07F5614F44FE}.Release|Any CPU.ActiveCfg = Release|Any CPU
		{28D87D2E-7983-4546-985C-07F5614F44FE}.Release|Any CPU.Build.0 = Release|Any CPU
		{17787F12-B8B2-4EAA-9FEB-2A6F2C0EA181}.Debug|Any CPU.ActiveCfg = Debug|Any CPU
		{17787F12-B8B2-4EAA-9FEB-2A6F2C0EA181}.Debug|Any CPU.Build.0 = Debug|Any CPU
		{17787F12-B8B2-4EAA-9FEB-2A6F2C0EA181}.Release|Any CPU.ActiveCfg = Release|Any CPU
		{17787F12-B8B2-4EAA-9FEB-2A6F2C0EA181}.Release|Any CPU.Build.0 = Release|Any CPU
		{8636F822-C894-4645-BF6E-EE81C5F46593}.Debug|Any CPU.ActiveCfg = Debug|Any CPU
		{8636F822-C894-4645-BF6E-EE81C5F46593}.Debug|Any CPU.Build.0 = Debug|Any CPU
		{8636F822-C894-4645-BF6E-EE81C5F46593}.Release|Any CPU.ActiveCfg = Release|Any CPU
		{8636F822-C894-4645-BF6E-EE81C5F46593}.Release|Any CPU.Build.0 = Release|Any CPU
		{C325C372-03F5-4022-936F-327A4DFAB588}.Debug|Any CPU.ActiveCfg = Debug|Any CPU
		{C325C372-03F5-4022-936F-327A4DFAB588}.Debug|Any CPU.Build.0 = Debug|Any CPU
		{C325C372-03F5-4022-936F-327A4DFAB588}.Release|Any CPU.ActiveCfg = Release|Any CPU
		{EADAC9D8-E982-4983-943D-50B757C9D020}.Debug|Any CPU.ActiveCfg = Debug|Any CPU
		{EADAC9D8-E982-4983-943D-50B757C9D020}.Debug|Any CPU.Build.0 = Debug|Any CPU
		{EADAC9D8-E982-4983-943D-50B757C9D020}.Release|Any CPU.ActiveCfg = Release|Any CPU
		{4B698187-762F-4DDB-BB27-3D0F18BE16FB}.Debug|Any CPU.ActiveCfg = Debug|Any CPU
		{4B698187-762F-4DDB-BB27-3D0F18BE16FB}.Debug|Any CPU.Build.0 = Debug|Any CPU
		{4B698187-762F-4DDB-BB27-3D0F18BE16FB}.Release|Any CPU.ActiveCfg = Release|Any CPU
		{4B698187-762F-4DDB-BB27-3D0F18BE16FB}.Release|Any CPU.Build.0 = Release|Any CPU
		{50A01B95-730E-4AB2-A47E-7693363B1191}.Release|Any CPU.ActiveCfg = Release|Any CPU
		{50A01B95-730E-4AB2-A47E-7693363B1191}.Debug|Any CPU.ActiveCfg = Debug|Any CPU
		{50A01B95-730E-4AB2-A47E-7693363B1191}.Debug|Any CPU.Build.0 = Debug|Any CPU
		{9B5AE73F-CE3C-47F8-B913-29BFC1C1133F}.Debug|Any CPU.ActiveCfg = Debug|Any CPU
		{9B5AE73F-CE3C-47F8-B913-29BFC1C1133F}.Debug|Any CPU.Build.0 = Debug|Any CPU
		{9B5AE73F-CE3C-47F8-B913-29BFC1C1133F}.Release|Any CPU.ActiveCfg = Release|Any CPU
		{9B5AE73F-CE3C-47F8-B913-29BFC1C1133F}.Release|Any CPU.Build.0 = Release|Any CPU
		{C42CFD3D-C8A3-431D-B4D2-2FA074C5FAF2}.Debug|Any CPU.ActiveCfg = Debug|Any CPU
		{C42CFD3D-C8A3-431D-B4D2-2FA074C5FAF2}.Debug|Any CPU.Build.0 = Debug|Any CPU
		{C42CFD3D-C8A3-431D-B4D2-2FA074C5FAF2}.Release|Any CPU.ActiveCfg = Release|Any CPU
		{C42CFD3D-C8A3-431D-B4D2-2FA074C5FAF2}.Release|Any CPU.Build.0 = Release|Any CPU
		{4C601BB1-E171-4908-BCE5-85E6ED68FE6A}.Debug|Any CPU.ActiveCfg = Debug|Any CPU
		{4C601BB1-E171-4908-BCE5-85E6ED68FE6A}.Debug|Any CPU.Build.0 = Debug|Any CPU
		{4C601BB1-E171-4908-BCE5-85E6ED68FE6A}.Release|Any CPU.ActiveCfg = Release|Any CPU
		{9703F5CA-B3E0-4066-9807-F0DEDADB316C}.Debug|Any CPU.ActiveCfg = Debug|Any CPU
		{9703F5CA-B3E0-4066-9807-F0DEDADB316C}.Debug|Any CPU.Build.0 = Debug|Any CPU
		{9703F5CA-B3E0-4066-9807-F0DEDADB316C}.Release|Any CPU.ActiveCfg = Release|Any CPU
		{9703F5CA-B3E0-4066-9807-F0DEDADB316C}.Release|Any CPU.Build.0 = Release|Any CPU
		{D5988183-4864-4177-8729-258FC9DBD263}.Debug|Any CPU.ActiveCfg = Debug|Any CPU
		{D5988183-4864-4177-8729-258FC9DBD263}.Debug|Any CPU.Build.0 = Debug|Any CPU
		{D5988183-4864-4177-8729-258FC9DBD263}.Release|Any CPU.ActiveCfg = Release|Any CPU
		{D5988183-4864-4177-8729-258FC9DBD263}.Release|Any CPU.Build.0 = Release|Any CPU
		{5EEF7E72-5DDC-42AD-BB39-85503B4F28D8}.Debug|Any CPU.ActiveCfg = Debug|Any CPU
		{5EEF7E72-5DDC-42AD-BB39-85503B4F28D8}.Debug|Any CPU.Build.0 = Debug|Any CPU
		{5EEF7E72-5DDC-42AD-BB39-85503B4F28D8}.Release|Any CPU.ActiveCfg = Release|Any CPU
		{5EEF7E72-5DDC-42AD-BB39-85503B4F28D8}.Release|Any CPU.Build.0 = Release|Any CPU
		{55EA9202-69C4-4210-9B19-EAF006E9A28C}.Debug|Any CPU.ActiveCfg = Debug|Any CPU
		{55EA9202-69C4-4210-9B19-EAF006E9A28C}.Debug|Any CPU.Build.0 = Debug|Any CPU
		{55EA9202-69C4-4210-9B19-EAF006E9A28C}.Release|Any CPU.ActiveCfg = Release|Any CPU
		{55EA9202-69C4-4210-9B19-EAF006E9A28C}.Release|Any CPU.Build.0 = Release|Any CPU
		{DEE6C82A-F309-4EE1-B29C-4F9F772ADB0A}.Debug|Any CPU.ActiveCfg = Debug|Any CPU
		{DEE6C82A-F309-4EE1-B29C-4F9F772ADB0A}.Debug|Any CPU.Build.0 = Debug|Any CPU
		{DEE6C82A-F309-4EE1-B29C-4F9F772ADB0A}.Release|Any CPU.ActiveCfg = Release|Any CPU
		{DEE6C82A-F309-4EE1-B29C-4F9F772ADB0A}.Release|Any CPU.Build.0 = Release|Any CPU
		{F8F85FD0-8445-425F-B75C-87720E6A75DA}.Debug|Any CPU.ActiveCfg = Debug|Any CPU
		{F8F85FD0-8445-425F-B75C-87720E6A75DA}.Debug|Any CPU.Build.0 = Debug|Any CPU
		{F8F85FD0-8445-425F-B75C-87720E6A75DA}.Release|Any CPU.ActiveCfg = Release|Any CPU
		{F8F85FD0-8445-425F-B75C-87720E6A75DA}.Release|Any CPU.Build.0 = Release|Any CPU
	EndGlobalSection
	GlobalSection(NestedProjects) = preSolution
		{E274FD30-71B0-4629-AAA5-E1DDADE10447} = {939740D9-31C1-4FA0-B330-A57F10D8E240}
		{8954BA99-9C9D-452F-8755-78E3D5094CF0} = {939740D9-31C1-4FA0-B330-A57F10D8E240}
		{7BB96B87-A62C-4DA4-9E9E-876E71BB12E4} = {0C482C13-FAE3-4C29-8C58-C651D780B8DD}
		{DA914B42-D651-4A95-943F-7C82049840C1} = {0C482C13-FAE3-4C29-8C58-C651D780B8DD}
		{1B79125A-F8FB-4C8E-BFA7-DF9AF8851AB7} = {0C482C13-FAE3-4C29-8C58-C651D780B8DD}
		{BF6F7271-BBE3-4811-980A-63B53FB5B5A7} = {7BB96B87-A62C-4DA4-9E9E-876E71BB12E4}
		{F63AF297-80BB-4163-BAEE-4F369A10FB0F} = {7BB96B87-A62C-4DA4-9E9E-876E71BB12E4}
		{F77DCC85-E4AD-4D8B-9787-45F89D5E092A} = {7BB96B87-A62C-4DA4-9E9E-876E71BB12E4}
		{ACB1852C-26BD-40A4-B6F2-C9508818927A} = {7BB96B87-A62C-4DA4-9E9E-876E71BB12E4}
		{28D87D2E-7983-4546-985C-07F5614F44FE} = {7BB96B87-A62C-4DA4-9E9E-876E71BB12E4}
		{17787F12-B8B2-4EAA-9FEB-2A6F2C0EA181} = {7BB96B87-A62C-4DA4-9E9E-876E71BB12E4}
		{8636F822-C894-4645-BF6E-EE81C5F46593} = {DA914B42-D651-4A95-943F-7C82049840C1}
		{C325C372-03F5-4022-936F-327A4DFAB588} = {DA914B42-D651-4A95-943F-7C82049840C1}
		{EADAC9D8-E982-4983-943D-50B757C9D020} = {DA914B42-D651-4A95-943F-7C82049840C1}
		{4B698187-762F-4DDB-BB27-3D0F18BE16FB} = {DA914B42-D651-4A95-943F-7C82049840C1}
		{50A01B95-730E-4AB2-A47E-7693363B1191} = {DA914B42-D651-4A95-943F-7C82049840C1}
		{9B5AE73F-CE3C-47F8-B913-29BFC1C1133F} = {DA914B42-D651-4A95-943F-7C82049840C1}
		{C42CFD3D-C8A3-431D-B4D2-2FA074C5FAF2} = {DA914B42-D651-4A95-943F-7C82049840C1}
		{4C601BB1-E171-4908-BCE5-85E6ED68FE6A} = {1B79125A-F8FB-4C8E-BFA7-DF9AF8851AB7}
		{9703F5CA-B3E0-4066-9807-F0DEDADB316C} = {1B79125A-F8FB-4C8E-BFA7-DF9AF8851AB7}
		{D5988183-4864-4177-8729-258FC9DBD263} = {1B79125A-F8FB-4C8E-BFA7-DF9AF8851AB7}
		{5EEF7E72-5DDC-42AD-BB39-85503B4F28D8} = {1B79125A-F8FB-4C8E-BFA7-DF9AF8851AB7}
		{55EA9202-69C4-4210-9B19-EAF006E9A28C} = {1B79125A-F8FB-4C8E-BFA7-DF9AF8851AB7}
		{DEE6C82A-F309-4EE1-B29C-4F9F772ADB0A} = {1B79125A-F8FB-4C8E-BFA7-DF9AF8851AB7}
		{F8F85FD0-8445-425F-B75C-87720E6A75DA} = {1B79125A-F8FB-4C8E-BFA7-DF9AF8851AB7}
	EndGlobalSection
EndGlobal
