
Microsoft Visual Studio Solution File, Format Version 12.00
Project("{FAE04EC0-301F-11D3-BF4B-00C04F79EFBC}") = "DbSchemaValidator.EF6", "DbSchemaValidator.EF6\DbSchemaValidator.EF6.csproj", "{5E5057B0-3FF8-48CA-B925-F5BA17CA64D9}"
EndProject
Project("{FAE04EC0-301F-11D3-BF4B-00C04F79EFBC}") = "DbSchemaValidator.Tests.EF6", "DbSchemaValidator.Tests.EF6\DbSchemaValidator.Tests.EF6.csproj", "{0B33137E-059D-4F75-91E1-FFC50DC72018}"
EndProject
Project("{FAE04EC0-301F-11D3-BF4B-00C04F79EFBC}") = "DbSchemaValidator.EFCore", "DbSchemaValidator.EFCore\DbSchemaValidator.EFCore.csproj", "{CDB94E4C-9A46-42CA-AB16-AC46BBC60B88}"
EndProject
Project("{FAE04EC0-301F-11D3-BF4B-00C04F79EFBC}") = "DbSchemaValidator.Tests.EFCore", "DbSchemaValidator.Tests.EFCore\DbSchemaValidator.Tests.EFCore.csproj", "{36BBBC5D-24B1-4820-BE61-A6F9F189EAF3}"
EndProject
Project("{D954291E-2A0B-460D-934E-DC6B0785DB48}") = "DbSchemaValidator", "DbSchemaValidator\DbSchemaValidator.shproj", "{F9569881-513F-46AF-8BC8-CE5E31A3DEB8}"
EndProject
Project("{D954291E-2A0B-460D-934E-DC6B0785DB48}") = "DbSchemaValidator.Tests", "DbSchemaValidator.Tests\DbSchemaValidator.Tests.shproj", "{FD83F4DD-8750-4D33-B8EE-0E0A2019F88C}"
EndProject
Global
	GlobalSection(SolutionConfigurationPlatforms) = preSolution
		Debug|Any CPU = Debug|Any CPU
		Release|Any CPU = Release|Any CPU
	EndGlobalSection
	GlobalSection(ProjectConfigurationPlatforms) = postSolution
		{5E5057B0-3FF8-48CA-B925-F5BA17CA64D9}.Debug|Any CPU.ActiveCfg = Debug|Any CPU
		{5E5057B0-3FF8-48CA-B925-F5BA17CA64D9}.Debug|Any CPU.Build.0 = Debug|Any CPU
		{5E5057B0-3FF8-48CA-B925-F5BA17CA64D9}.Release|Any CPU.ActiveCfg = Release|Any CPU
		{5E5057B0-3FF8-48CA-B925-F5BA17CA64D9}.Release|Any CPU.Build.0 = Release|Any CPU
		{0B33137E-059D-4F75-91E1-FFC50DC72018}.Debug|Any CPU.ActiveCfg = Debug|Any CPU
		{0B33137E-059D-4F75-91E1-FFC50DC72018}.Release|Any CPU.ActiveCfg = Release|Any CPU
		{0B33137E-059D-4F75-91E1-FFC50DC72018}.Release|Any CPU.Build.0 = Release|Any CPU
		{CDB94E4C-9A46-42CA-AB16-AC46BBC60B88}.Debug|Any CPU.ActiveCfg = Debug|Any CPU
		{CDB94E4C-9A46-42CA-AB16-AC46BBC60B88}.Debug|Any CPU.Build.0 = Debug|Any CPU
		{CDB94E4C-9A46-42CA-AB16-AC46BBC60B88}.Release|Any CPU.ActiveCfg = Release|Any CPU
		{CDB94E4C-9A46-42CA-AB16-AC46BBC60B88}.Release|Any CPU.Build.0 = Release|Any CPU
		{36BBBC5D-24B1-4820-BE61-A6F9F189EAF3}.Debug|Any CPU.ActiveCfg = Debug|Any CPU
		{36BBBC5D-24B1-4820-BE61-A6F9F189EAF3}.Release|Any CPU.ActiveCfg = Release|Any CPU
		{36BBBC5D-24B1-4820-BE61-A6F9F189EAF3}.Release|Any CPU.Build.0 = Release|Any CPU
	EndGlobalSection
EndGlobal
