{
  "version": 1,
  "dependencies": {
    ".NETFramework,Version=v4.5": {
      "EntityFramework": {
        "type": "Direct",
        "requested": "[6.1.0, )",
        "resolved": "6.1.0",
        "contentHash": "u/M0OEfqxTUsL5BwzD66eBGm278/ozqdLK3JvMO6QwUxxc+z7ZUkTYm4suDhWRqzkc6mOhvXDQY5dZUwbldxyQ=="
      },
      "Microsoft.NETFramework.ReferenceAssemblies": {
        "type": "Direct",
        "requested": "[1.0.3, )",
        "resolved": "1.0.3",
        "contentHash": "vUc9Npcs14QsyOD01tnv/m8sQUnGTGOw1BCmKcv77LBJY7OxhJ+zJF7UD/sCL3lYNFuqmQEVlkfS4Quif6FyYg==",
        "dependencies": {
          "Microsoft.NETFramework.ReferenceAssemblies.net45": "1.0.3"
        }
      },
      "Microsoft.SourceLink.GitHub": {
        "type": "Direct",
        "requested": "[1.1.1, )",
        "resolved": "1.1.1",
        "contentHash": "IaJGnOv/M7UQjRJks7B6p7pbPnOwisYGOIzqCz5ilGFTApZ3ktOR+6zJ12ZRPInulBmdAf1SrGdDG2MU8g6XTw==",
        "dependencies": {
          "Microsoft.Build.Tasks.Git": "1.1.1",
          "Microsoft.SourceLink.Common": "1.1.1"
        }
      },
      "Microsoft.VisualStudio.Threading.Analyzers": {
        "type": "Direct",
        "requested": "[17.6.40, )",
        "resolved": "17.6.40",
        "contentHash": "uU8vYr/Nx3ldEWcsbiHiyAX1G7od3eFK1+Aga6ZvgCvU+nQkcXYVkIMcSEkIDWkFaldx1dkoVvX3KRNQD0R7dw=="
      },
      "MinVer": {
        "type": "Direct",
        "requested": "[4.3.0, )",
        "resolved": "4.3.0",
        "contentHash": "YNVAW3loCFW4kTwensApaZUl+7xREK75QQNOFSbsbXx2sCSm9/IHBjUHsJGn3u0UA5r/sAqrdYBNUlOFfLhUrA=="
      },
      "Microsoft.Build.Tasks.Git": {
        "type": "Transitive",
        "resolved": "1.1.1",
        "contentHash": "AT3HlgTjsqHnWpBHSNeR0KxbLZD7bztlZVj7I8vgeYG9SYqbeFGh0TM/KVtC6fg53nrWHl3VfZFvb5BiQFcY6Q=="
      },
      "Microsoft.NETFramework.ReferenceAssemblies.net45": {
        "type": "Transitive",
        "resolved": "1.0.3",
        "contentHash": "dcSLNuUX2rfZejsyta2EWZ1W5U6ucbFt697lRg1qiTlTM5ZlYv4uAvuxE6ROy6xLWWhLhOaReCDxkhxcajRYtQ=="
      },
      "Microsoft.SourceLink.Common": {
        "type": "Transitive",
        "resolved": "1.1.1",
        "contentHash": "WMcGpWKrmJmzrNeuaEb23bEMnbtR/vLmvZtkAP5qWu7vQsY59GqfRJd65sFpBszbd2k/bQ8cs8eWawQKAabkVg=="
      }
    },
    ".NETStandard,Version=v2.1": {
      "EntityFramework": {
        "type": "Direct",
        "requested": "[6.3.0, )",
        "resolved": "6.3.0",
        "contentHash": "mEvhoXscTyLFMcnbLzKlbWdx6N8fCY2IMe4drjUTMFqOqI4KThnTPXr1m50oXDJAn5PvCy2e90IcwN/OxkJUjg==",
        "dependencies": {
          "Microsoft.CSharp": "4.6.0",
          "System.CodeDom": "4.6.0",
          "System.ComponentModel.Annotations": "4.6.0",
          "System.Configuration.ConfigurationManager": "4.6.0",
          "System.Data.SqlClient": "4.7.0"
        }
      },
      "Microsoft.SourceLink.GitHub": {
        "type": "Direct",
        "requested": "[1.1.1, )",
        "resolved": "1.1.1",
        "contentHash": "IaJGnOv/M7UQjRJks7B6p7pbPnOwisYGOIzqCz5ilGFTApZ3ktOR+6zJ12ZRPInulBmdAf1SrGdDG2MU8g6XTw==",
        "dependencies": {
          "Microsoft.Build.Tasks.Git": "1.1.1",
          "Microsoft.SourceLink.Common": "1.1.1"
        }
      },
      "Microsoft.VisualStudio.Threading.Analyzers": {
        "type": "Direct",
        "requested": "[17.6.40, )",
        "resolved": "17.6.40",
        "contentHash": "uU8vYr/Nx3ldEWcsbiHiyAX1G7od3eFK1+Aga6ZvgCvU+nQkcXYVkIMcSEkIDWkFaldx1dkoVvX3KRNQD0R7dw=="
      },
      "MinVer": {
        "type": "Direct",
        "requested": "[4.3.0, )",
        "resolved": "4.3.0",
        "contentHash": "YNVAW3loCFW4kTwensApaZUl+7xREK75QQNOFSbsbXx2sCSm9/IHBjUHsJGn3u0UA5r/sAqrdYBNUlOFfLhUrA=="
      },
      "Microsoft.Build.Tasks.Git": {
        "type": "Transitive",
        "resolved": "1.1.1",
        "contentHash": "AT3HlgTjsqHnWpBHSNeR0KxbLZD7bztlZVj7I8vgeYG9SYqbeFGh0TM/KVtC6fg53nrWHl3VfZFvb5BiQFcY6Q=="
      },
      "Microsoft.CSharp": {
        "type": "Transitive",
        "resolved": "4.6.0",
        "contentHash": "kxn3M2rnAGy5N5DgcIwcE8QTePWU/XiYcQVzn9HqTls2NKluVzVSmVWRjK7OUPWbljCXuZxHyhEz9kPRIQeXow=="
      },
      "Microsoft.SourceLink.Common": {
        "type": "Transitive",
        "resolved": "1.1.1",
        "contentHash": "WMcGpWKrmJmzrNeuaEb23bEMnbtR/vLmvZtkAP5qWu7vQsY59GqfRJd65sFpBszbd2k/bQ8cs8eWawQKAabkVg=="
      },
      "Microsoft.Win32.Registry": {
        "type": "Transitive",
        "resolved": "4.6.0",
        "contentHash": "Xuqo5Lf5h1eUAbT8sJwNSEgusyEcQQQcza1R8dxJ6q/1vLSU1SG/WxtgiCPAth14dz/IjBXCxWT/+6E9glX33w==",
        "dependencies": {
          "System.Buffers": "4.5.0",
          "System.Memory": "4.5.3",
          "System.Security.AccessControl": "4.6.0",
          "System.Security.Principal.Windows": "4.6.0"
        }
      },
      "runtime.native.System.Data.SqlClient.sni": {
        "type": "Transitive",
        "resolved": "4.6.0",
        "contentHash": "WRq11dBcJYyAbrUVguvv3BqNGl5ub60mZxUd+xaxNsSOb7tMLQxjbiyD/hF6FSl1akiom7GMttPDa3TW+UmnAQ==",
        "dependencies": {
          "runtime.win-arm64.runtime.native.System.Data.SqlClient.sni": "4.4.0",
          "runtime.win-x64.runtime.native.System.Data.SqlClient.sni": "4.4.0",
          "runtime.win-x86.runtime.native.System.Data.SqlClient.sni": "4.4.0"
        }
      },
      "runtime.win-arm64.runtime.native.System.Data.SqlClient.sni": {
        "type": "Transitive",
        "resolved": "4.4.0",
        "contentHash": "LbrynESTp3bm5O/+jGL8v0Qg5SJlTV08lpIpFesXjF6uGNMWqFnUQbYBJwZTeua6E/Y7FIM1C54Ey1btLWupdg=="
      },
      "runtime.win-x64.runtime.native.System.Data.SqlClient.sni": {
        "type": "Transitive",
        "resolved": "4.4.0",
        "contentHash": "38ugOfkYJqJoX9g6EYRlZB5U2ZJH51UP8ptxZgdpS07FgOEToV+lS11ouNK2PM12Pr6X/PpT5jK82G3DwH/SxQ=="
      },
      "runtime.win-x86.runtime.native.System.Data.SqlClient.sni": {
        "type": "Transitive",
        "resolved": "4.4.0",
        "contentHash": "YhEdSQUsTx+C8m8Bw7ar5/VesXvCFMItyZF7G1AUY+OM0VPZUOeAVpJ4Wl6fydBGUYZxojTDR3I6Bj/+BPkJNA=="
      },
      "System.Buffers": {
        "type": "Transitive",
        "resolved": "4.5.0",
        "contentHash": "pL2ChpaRRWI/p4LXyy4RgeWlYF2sgfj/pnVMvBqwNFr5cXg7CXNnWZWxrOONLg8VGdFB8oB+EG2Qw4MLgTOe+A=="
      },
      "System.CodeDom": {
        "type": "Transitive",
        "resolved": "4.6.0",
        "contentHash": "ArWGZOxPhOaJUd4YgvbTxGZDbVDJHPAOQNiJIpbRDPW6v2NT5xkallQv1zpu8Rwwb5Z3iZ1jwWA4gSQuWgR+jw=="
      },
      "System.ComponentModel.Annotations": {
        "type": "Transitive",
        "resolved": "4.6.0",
        "contentHash": "pOd+UhZ3X8xfwKDlgAzowUJNjp8VYVmOHZm++vCd0kq1HZ0zK3mNo2yRXjYgv7Ik/Xi43fmJfND2PLEsQSALCg=="
      },
      "System.Configuration.ConfigurationManager": {
        "type": "Transitive",
        "resolved": "4.6.0",
        "contentHash": "gkNklXxdmB3r4SQTUzRhESZAb3MotgDz24XYi2R/bIjJ10SF0KHJ/qTEwi9CLyIAOTjmCo8Vx8+rKldLaiW7Ig==",
        "dependencies": {
          "System.Security.Cryptography.ProtectedData": "4.6.0",
          "System.Security.Permissions": "4.6.0"
        }
      },
      "System.Data.SqlClient": {
        "type": "Transitive",
        "resolved": "4.7.0",
        "contentHash": "lV3ljZeFc01DYyjcEBSxK3sy8Ow2R6AWa6o+g0t7B4hoDcA6Kzv4bTB4E4T7C/pKuZzHeBFLxe6fD4Am4q939Q==",
        "dependencies": {
          "Microsoft.Win32.Registry": "4.6.0",
          "System.Buffers": "4.5.0",
          "System.Diagnostics.DiagnosticSource": "4.6.0",
          "System.Memory": "4.5.3",
          "System.Security.Principal.Windows": "4.6.0",
          "System.Text.Encoding.CodePages": "4.6.0",
          "runtime.native.System.Data.SqlClient.sni": "4.6.0"
        }
      },
      "System.Diagnostics.DiagnosticSource": {
        "type": "Transitive",
        "resolved": "4.6.0",
        "contentHash": "mbBgoR0rRfl2uimsZ2avZY8g7Xnh1Mza0rJZLPcxqiMWlkGukjmRkuMJ/er+AhQuiRIh80CR/Hpeztr80seV5g==",
        "dependencies": {
          "System.Memory": "4.5.3"
        }
      },
      "System.Memory": {
        "type": "Transitive",
        "resolved": "4.5.3",
        "contentHash": "3oDzvc/zzetpTKWMShs1AADwZjQ/36HnsufHRPcOjyRAAMLDlu2iD33MBI2opxnezcVUtXyqDXXjoFMOU9c7SA==",
        "dependencies": {
          "System.Buffers": "4.4.0",
          "System.Numerics.Vectors": "4.4.0",
          "System.Runtime.CompilerServices.Unsafe": "4.5.2"
        }
      },
      "System.Numerics.Vectors": {
        "type": "Transitive",
        "resolved": "4.4.0",
        "contentHash": "UiLzLW+Lw6HLed1Hcg+8jSRttrbuXv7DANVj0DkL9g6EnnzbL75EB7EWsw5uRbhxd/4YdG8li5XizGWepmG3PQ=="
      },
      "System.Runtime.CompilerServices.Unsafe": {
        "type": "Transitive",
        "resolved": "4.6.0",
        "contentHash": "HxozeSlipUK7dAroTYwIcGwKDeOVpQnJlpVaOkBz7CM4TsE5b/tKlQBZecTjh6FzcSbxndYaxxpsBMz+wMJeyw=="
      },
      "System.Security.AccessControl": {
        "type": "Transitive",
        "resolved": "4.6.0",
        "contentHash": "gmlk6khICtVhiUnVBBtlsH0H/5QFDqhTZgtpp3AX14wWE6OIE+BX95NLD+X4AolXnIy/oXpNNmXYnsNfW1KuDQ==",
        "dependencies": {
          "System.Security.Principal.Windows": "4.6.0"
        }
      },
      "System.Security.Cryptography.ProtectedData": {
        "type": "Transitive",
        "resolved": "4.6.0",
        "contentHash": "zdCsTOakmbAQVyOI6+ZadvXZgzSiFiY5nXAfGUQNGrz3ofc9sjehpXRvqYb3vWUsvloYFILSpiQCjiZVFKRBjA==",
        "dependencies": {
          "System.Memory": "4.5.3"
        }
      },
      "System.Security.Permissions": {
        "type": "Transitive",
        "resolved": "4.6.0",
        "contentHash": "W3Uxog9KCZAmGYsOFHgJnb7L2q+SDbxS3vGnFHmErUnXuIjWYpIh1KVTlua7qmPdrlRCkAcTF9dImv+jciBPOQ==",
        "dependencies": {
          "System.Security.AccessControl": "4.6.0"
        }
      },
      "System.Security.Principal.Windows": {
        "type": "Transitive",
        "resolved": "4.6.0",
        "contentHash": "Mdukseovp0YIGaz16FMH6nbfgZkrCFOJbtXQptv0aeBO9h775Ilb9+TDwLVTKikoW7y7CY7lpoXl9zmZ5G3ndA=="
      },
      "System.Text.Encoding.CodePages": {
        "type": "Transitive",
        "resolved": "4.6.0",
        "contentHash": "OCUK9C/U97+UheVwo+JE+IUcKySUE3Oe+BcHhVtQrvmKSUFLrUDO8B5zEPRL6mBGbczxZp4w1boSck6/fw4dog==",
        "dependencies": {
          "System.Runtime.CompilerServices.Unsafe": "4.6.0"
        }
      }
    }
  }
}